
Microsoft Visual Studio Solution File, Format Version 12.00
# Visual Studio Version 17
VisualStudioVersion = 17.4.33205.214
MinimumVisualStudioVersion = 10.0.40219.1
Project("{FAE04EC0-301F-11D3-BF4B-00C04F79EFBC}") = "josephfemipmecalc", "josephfemipmecalc\josephfemipmecalc.csproj", "{F4C6C709-E0D8-4FB5-B4C4-2FBAA5BFD137}"
EndProject
Global
	GlobalSection(SolutionConfigurationPlatforms) = preSolution
		Debug|Any CPU = Debug|Any CPU
		Release|Any CPU = Release|Any CPU
	EndGlobalSection
	GlobalSection(ProjectConfigurationPlatforms) = postSolution
		{F4C6C709-E0D8-4FB5-B4C4-2FBAA5BFD137}.Debug|Any CPU.ActiveCfg = Debug|Any CPU
		{F4C6C709-E0D8-4FB5-B4C4-2FBAA5BFD137}.Debug|Any CPU.Build.0 = Debug|Any CPU
		{F4C6C709-E0D8-4FB5-B4C4-2FBAA5BFD137}.Release|Any CPU.ActiveCfg = Release|Any CPU
		{F4C6C709-E0D8-4FB5-B4C4-2FBAA5BFD137}.Release|Any CPU.Build.0 = Release|Any CPU
	EndGlobalSection
	GlobalSection(SolutionProperties) = preSolution
		HideSolutionNode = FALSE
	EndGlobalSection
	GlobalSection(ExtensibilityGlobals) = postSolution
		SolutionGuid = {E13F98B4-E53E-4CDF-B7FD-75F3850FC037}
	EndGlobalSection
EndGlobal
